// !$*UTF8*$!
{
	archiveVersion = 1;
	classes = {
	};
	objectVersion = 50;
	objects = {

/* Begin PBXBuildFile section */
		07383D6424C0C00600717B54 /* AppDelegate.swift in Sources */ = {isa = PBXBuildFile; fileRef = 07383D6324C0C00600717B54 /* AppDelegate.swift */; };
		07383D6824C0C00600717B54 /* ViewController.swift in Sources */ = {isa = PBXBuildFile; fileRef = 07383D6724C0C00600717B54 /* ViewController.swift */; };
		07383D6B24C0C00600717B54 /* Main.storyboard in Resources */ = {isa = PBXBuildFile; fileRef = 07383D6924C0C00600717B54 /* Main.storyboard */; };
		07383D6D24C0C00E00717B54 /* Assets.xcassets in Resources */ = {isa = PBXBuildFile; fileRef = 07383D6C24C0C00E00717B54 /* Assets.xcassets */; };
		07383D7024C0C00E00717B54 /* LaunchScreen.storyboard in Resources */ = {isa = PBXBuildFile; fileRef = 07383D6E24C0C00E00717B54 /* LaunchScreen.storyboard */; };
		07383D7824C0C5B600717B54 /* MyCell.swift in Sources */ = {isa = PBXBuildFile; fileRef = 07383D7724C0C5B600717B54 /* MyCell.swift */; };
		07383D7A24C0C5BF00717B54 /* Struct.swift in Sources */ = {isa = PBXBuildFile; fileRef = 07383D7924C0C5BF00717B54 /* Struct.swift */; };
/* End PBXBuildFile section */

/* Begin PBXFileReference section */
		07383D6024C0C00600717B54 /* UserTableview.app */ = {isa = PBXFileReference; explicitFileType = wrapper.application; includeInIndex = 0; path = UserTableview.app; sourceTree = BUILT_PRODUCTS_DIR; };
		07383D6324C0C00600717B54 /* AppDelegate.swift */ = {isa = PBXFileReference; lastKnownFileType = sourcecode.swift; path = AppDelegate.swift; sourceTree = "<group>"; };
		07383D6724C0C00600717B54 /* ViewController.swift */ = {isa = PBXFileReference; lastKnownFileType = sourcecode.swift; path = ViewController.swift; sourceTree = "<group>"; };
		07383D6A24C0C00600717B54 /* Base */ = {isa = PBXFileReference; lastKnownFileType = file.storyboard; name = Base; path = Base.lproj/Main.storyboard; sourceTree = "<group>"; };
		07383D6C24C0C00E00717B54 /* Assets.xcassets */ = {isa = PBXFileReference; lastKnownFileType = folder.assetcatalog; path = Assets.xcassets; sourceTree = "<group>"; };
		07383D6F24C0C00E00717B54 /* Base */ = {isa = PBXFileReference; lastKnownFileType = file.storyboard; name = Base; path = Base.lproj/LaunchScreen.storyboard; sourceTree = "<group>"; };
		07383D7124C0C00E00717B54 /* Info.plist */ = {isa = PBXFileReference; lastKnownFileType = text.plist.xml; path = Info.plist; sourceTree = "<group>"; };
		07383D7724C0C5B600717B54 /* MyCell.swift */ = {isa = PBXFileReference; lastKnownFileType = sourcecode.swift; path = MyCell.swift; sourceTree = "<group>"; };
		07383D7924C0C5BF00717B54 /* Struct.swift */ = {isa = PBXFileReference; lastKnownFileType = sourcecode.swift; path = Struct.swift; sourceTree = "<group>"; };
/* End PBXFileReference section */

/* Begin PBXFrameworksBuildPhase section */
		07383D5D24C0C00600717B54 /* Frameworks */ = {
			isa = PBXFrameworksBuildPhase;
			buildActionMask = 2147483647;
			files = (
			);
			runOnlyForDeploymentPostprocessing = 0;
		};
/* End PBXFrameworksBuildPhase section */

/* Begin PBXGroup section */
		07383D5724C0C00600717B54 = {
			isa = PBXGroup;
			children = (
				07383D6224C0C00600717B54 /* UserTableview */,
				07383D6124C0C00600717B54 /* Products */,
			);
			sourceTree = "<group>";
		};
		07383D6124C0C00600717B54 /* Products */ = {
			isa = PBXGroup;
			children = (
				07383D6024C0C00600717B54 /* UserTableview.app */,
			);
			name = Products;
			sourceTree = "<group>";
		};
		07383D6224C0C00600717B54 /* UserTableview */ = {
			isa = PBXGroup;
			children = (
				07383D6324C0C00600717B54 /* AppDelegate.swift */,
				07383D6724C0C00600717B54 /* ViewController.swift */,
				07383D7724C0C5B600717B54 /* MyCell.swift */,
				07383D7924C0C5BF00717B54 /* Struct.swift */,
				07383D6C24C0C00E00717B54 /* Assets.xcassets */,
				07383D6924C0C00600717B54 /* Main.storyboard */,
				07383D6E24C0C00E00717B54 /* LaunchScreen.storyboard */,
				07383D7124C0C00E00717B54 /* Info.plist */,
			);
			path = UserTableview;
			sourceTree = "<group>";
		};
/* End PBXGroup section */

/* Begin PBXNativeTarget section */
		07383D5F24C0C00600717B54 /* UserTableview */ = {
			isa = PBXNativeTarget;
			buildConfigurationList = 07383D7424C0C00E00717B54 /* Build configuration list for PBXNativeTarget "UserTableview" */;
			buildPhases = (
				07383D5C24C0C00600717B54 /* Sources */,
				07383D5D24C0C00600717B54 /* Frameworks */,
				07383D5E24C0C00600717B54 /* Resources */,
			);
			buildRules = (
			);
			dependencies = (
			);
			name = UserTableview;
			productName = UserTableview;
			productReference = 07383D6024C0C00600717B54 /* UserTableview.app */;
			productType = "com.apple.product-type.application";
		};
/* End PBXNativeTarget section */

/* Begin PBXProject section */
		07383D5824C0C00600717B54 /* Project object */ = {
			isa = PBXProject;
			attributes = {
				LastSwiftUpdateCheck = 1150;
				LastUpgradeCheck = 1150;
				TargetAttributes = {
					07383D5F24C0C00600717B54 = {
						CreatedOnToolsVersion = 11.5;
					};
				};
			};
			buildConfigurationList = 07383D5B24C0C00600717B54 /* Build configuration list for PBXProject "UserTableview" */;
			compatibilityVersion = "Xcode 9.3";
			developmentRegion = en;
			hasScannedForEncodings = 0;
			knownRegions = (
				en,
				Base,
			);
			mainGroup = 07383D5724C0C00600717B54;
			productRefGroup = 07383D6124C0C00600717B54 /* Products */;
			projectDirPath = "";
			projectRoot = "";
			targets = (
				07383D5F24C0C00600717B54 /* UserTableview */,
			);
		};
/* End PBXProject section */

/* Begin PBXResourcesBuildPhase section */
		07383D5E24C0C00600717B54 /* Resources */ = {
			isa = PBXResourcesBuildPhase;
			buildActionMask = 2147483647;
			files = (
				07383D7024C0C00E00717B54 /* LaunchScreen.storyboard in Resources */,
				07383D6D24C0C00E00717B54 /* Assets.xcassets in Resources */,
				07383D6B24C0C00600717B54 /* Main.storyboard in Resources */,
			);
			runOnlyForDeploymentPostprocessing = 0;
		};
/* End PBXResourcesBuildPhase section */

/* Begin PBXSourcesBuildPhase section */
		07383D5C24C0C00600717B54 /* Sources */ = {
			isa = PBXSourcesBuildPhase;
			buildActionMask = 2147483647;
			files = (
				07383D7A24C0C5BF00717B54 /* Struct.swift in Sources */,
				07383D7824C0C5B600717B54 /* MyCell.swift in Sources */,
				07383D6824C0C00600717B54 /* ViewController.swift in Sources */,
				07383D6424C0C00600717B54 /* AppDelegate.swift in Sources */,
			);
			runOnlyForDeploymentPostprocessing = 0;
		};
/* End PBXSourcesBuildPhase section */

/* Begin PBXVariantGroup section */
		07383D6924C0C00600717B54 /* Main.storyboard */ = {
			isa = PBXVariantGroup;
			children = (
				07383D6A24C0C00600717B54 /* Base */,
			);
			name = Main.storyboard;
			sourceTree = "<group>";
		};
		07383D6E24C0C00E00717B54 /* LaunchScreen.storyboard */ = {
			isa = PBXVariantGroup;
			children = (
				07383D6F24C0C00E00717B54 /* Base */,
			);
			name = LaunchScreen.storyboard;
			sourceTree = "<group>";
		};
/* End PBXVariantGroup section */

/* Begin XCBuildConfiguration section */
		07383D7224C0C00E00717B54 /* Debug */ = {
			isa = XCBuildConfiguration;
			buildSettings = {
				ALWAYS_SEARCH_USER_PATHS = NO;
				CLANG_ANALYZER_NONNULL = YES;
				CLANG_ANALYZER_NUMBER_OBJECT_CONVERSION = YES_AGGRESSIVE;
				CLANG_CXX_LANGUAGE_STANDARD = "gnu++14";
				CLANG_CXX_LIBRARY = "libc++";
				CLANG_ENABLE_MODULES = YES;
				CLANG_ENABLE_OBJC_ARC = YES;
				CLANG_ENABLE_OBJC_WEAK = YES;
				CLANG_WARN_BLOCK_CAPTURE_AUTORELEASING = YES;
				CLANG_WARN_BOOL_CONVERSION = YES;
				CLANG_WARN_COMMA = YES;
				CLANG_WARN_CONSTANT_CONVERSION = YES;
				CLANG_WARN_DEPRECATED_OBJC_IMPLEMENTATIONS = YES;
				CLANG_WARN_DIRECT_OBJC_ISA_USAGE = YES_ERROR;
				CLANG_WARN_DOCUMENTATION_COMMENTS = YES;
				CLANG_WARN_EMPTY_BODY = YES;
				CLANG_WARN_ENUM_CONVERSION = YES;
				CLANG_WARN_INFINITE_RECURSION = YES;
				CLANG_WARN_INT_CONVERSION = YES;
				CLANG_WARN_NON_LITERAL_NULL_CONVERSION = YES;
				CLANG_WARN_OBJC_IMPLICIT_RETAIN_SELF = YES;
				CLANG_WARN_OBJC_LITERAL_CONVERSION = YES;
				CLANG_WARN_OBJC_ROOT_CLASS = YES_ERROR;
				CLANG_WARN_RANGE_LOOP_ANALYSIS = YES;
				CLANG_WARN_STRICT_PROTOTYPES = YES;
				CLANG_WARN_SUSPICIOUS_MOVE = YES;
				CLANG_WARN_UNGUARDED_AVAILABILITY = YES_AGGRESSIVE;
				CLANG_WARN_UNREACHABLE_CODE = YES;
				CLANG_WARN__DUPLICATE_METHOD_MATCH = YES;
				COPY_PHASE_STRIP = NO;
				DEBUG_INFORMATION_FORMAT = dwarf;
				ENABLE_STRICT_OBJC_MSGSEND = YES;
				ENABLE_TESTABILITY = YES;
				GCC_C_LANGUAGE_STANDARD = gnu11;
				GCC_DYNAMIC_NO_PIC = NO;
				GCC_NO_COMMON_BLOCKS = YES;
				GCC_OPTIMIZATION_LEVEL = 0;
				GCC_PREPROCESSOR_DEFINITIONS = (
					"DEBUG=1",
					"$(inherited)",
				);
				GCC_WARN_64_TO_32_BIT_CONVERSION = YES;
				GCC_WARN_ABOUT_RETURN_TYPE = YES_ERROR;
				GCC_WARN_UNDECLARED_SELECTOR = YES;
				GCC_WARN_UNINITIALIZED_AUTOS = YES_AGGRESSIVE;
				GCC_WARN_UNUSED_FUNCTION = YES;
				GCC_WARN_UNUSED_VARIABLE = YES;
				IPHONEOS_DEPLOYMENT_TARGET = 13.5;
				MTL_ENABLE_DEBUG_INFO = INCLUDE_SOURCE;
				MTL_FAST_MATH = YES;
				ONLY_ACTIVE_ARCH = YES;
				SDKROOT = iphoneos;
				SWIFT_ACTIVE_COMPILATION_CONDITIONS = DEBUG;
				SWIFT_OPTIMIZATION_LEVEL = "-Onone";
			};
			name = Debug;
		};
		07383D7324C0C00E00717B54 /* Release */ = {
			isa = XCBuildConfiguration;
			buildSettings = {
				ALWAYS_SEARCH_USER_PATHS = NO;
				CLANG_ANALYZER_NONNULL = YES;
				CLANG_ANALYZER_NUMBER_OBJECT_CONVERSION = YES_AGGRESSIVE;
				CLANG_CXX_LANGUAGE_STANDARD = "gnu++14";
				CLANG_CXX_LIBRARY = "libc++";
				CLANG_ENABLE_MODULES = YES;
				CLANG_ENABLE_OBJC_ARC = YES;
				CLANG_ENABLE_OBJC_WEAK = YES;
				CLANG_WARN_BLOCK_CAPTURE_AUTORELEASING = YES;
				CLANG_WARN_BOOL_CONVERSION = YES;
				CLANG_WARN_COMMA = YES;
				CLANG_WARN_CONSTANT_CONVERSION = YES;
				CLANG_WARN_DEPRECATED_OBJC_IMPLEMENTATIONS = YES;
				CLANG_WARN_DIRECT_OBJC_ISA_USAGE = YES_ERROR;
				CLANG_WARN_DOCUMENTATION_COMMENTS = YES;
				CLANG_WARN_EMPTY_BODY = YES;
				CLANG_WARN_ENUM_CONVERSION = YES;
				CLANG_WARN_INFINITE_RECURSION = YES;
				CLANG_WARN_INT_CONVERSION = YES;
				CLANG_WARN_NON_LITERAL_NULL_CONVERSION = YES;
				CLANG_WARN_OBJC_IMPLICIT_RETAIN_SELF = YES;
				CLANG_WARN_OBJC_LITERAL_CONVERSION = YES;
				CLANG_WARN_OBJC_ROOT_CLASS = YES_ERROR;
				CLANG_WARN_RANGE_LOOP_ANALYSIS = YES;
				CLANG_WARN_STRICT_PROTOTYPES = YES;
				CLANG_WARN_SUSPICIOUS_MOVE = YES;
				CLANG_WARN_UNGUARDED_AVAILABILITY = YES_AGGRESSIVE;
				CLANG_WARN_UNREACHABLE_CODE = YES;
				CLANG_WARN__DUPLICATE_METHOD_MATCH = YES;
				COPY_PHASE_STRIP = NO;
				DEBUG_INFORMATION_FORMAT = "dwarf-with-dsym";
				ENABLE_NS_ASSERTIONS = NO;
				ENABLE_STRICT_OBJC_MSGSEND = YES;
				GCC_C_LANGUAGE_STANDARD = gnu11;
				GCC_NO_COMMON_BLOCKS = YES;
				GCC_WARN_64_TO_32_BIT_CONVERSION = YES;
				GCC_WARN_ABOUT_RETURN_TYPE = YES_ERROR;
				GCC_WARN_UNDECLARED_SELECTOR = YES;
				GCC_WARN_UNINITIALIZED_AUTOS = YES_AGGRESSIVE;
				GCC_WARN_UNUSED_FUNCTION = YES;
				GCC_WARN_UNUSED_VARIABLE = YES;
				IPHONEOS_DEPLOYMENT_TARGET = 13.5;
				MTL_ENABLE_DEBUG_INFO = NO;
				MTL_FAST_MATH = YES;
				SDKROOT = iphoneos;
				SWIFT_COMPILATION_MODE = wholemodule;
				SWIFT_OPTIMIZATION_LEVEL = "-O";
				VALIDATE_PRODUCT = YES;
			};
			name = Release;
		};
		07383D7524C0C00E00717B54 /* Debug */ = {
			isa = XCBuildConfiguration;
			buildSettings = {
				ASSETCATALOG_COMPILER_APPICON_NAME = AppIcon;
				CODE_SIGN_STYLE = Automatic;
				DEVELOPMENT_TEAM = Y6EG5BMUNL;
				INFOPLIST_FILE = UserTableview/Info.plist;
				LD_RUNPATH_SEARCH_PATHS = (
					"$(inherited)",
					"@executable_path/Frameworks",
				);
				PRODUCT_BUNDLE_IDENTIFIER = EricPassalacqua.UserTableview;
				PRODUCT_NAME = "$(TARGET_NAME)";
				SWIFT_VERSION = 5.0;
				TARGETED_DEVICE_FAMILY = 1;
			};
			name = Debug;
		};
		07383D7624C0C00E00717B54 /* Release */ = {
			isa = XCBuildConfiguration;
			buildSettings = {
				ASSETCATALOG_COMPILER_APPICON_NAME = AppIcon;
				CODE_SIGN_STYLE = Automatic;
				DEVELOPMENT_TEAM = Y6EG5BMUNL;
				INFOPLIST_FILE = UserTableview/Info.plist;
				LD_RUNPATH_SEARCH_PATHS = (
					"$(inherited)",
					"@executable_path/Frameworks",
				);
				PRODUCT_BUNDLE_IDENTIFIER = EricPassalacqua.UserTableview;
				PRODUCT_NAME = "$(TARGET_NAME)";
				SWIFT_VERSION = 5.0;
				TARGETED_DEVICE_FAMILY = 1;
			};
			name = Release;
		};
/* End XCBuildConfiguration section */

/* Begin XCConfigurationList section */
		07383D5B24C0C00600717B54 /* Build configuration list for PBXProject "UserTableview" */ = {
			isa = XCConfigurationList;
			buildConfigurations = (
				07383D7224C0C00E00717B54 /* Debug */,
				07383D7324C0C00E00717B54 /* Release */,
			);
			defaultConfigurationIsVisible = 0;
			defaultConfigurationName = Release;
		};
		07383D7424C0C00E00717B54 /* Build configuration list for PBXNativeTarget "UserTableview" */ = {
			isa = XCConfigurationList;
			buildConfigurations = (
				07383D7524C0C00E00717B54 /* Debug */,
				07383D7624C0C00E00717B54 /* Release */,
			);
			defaultConfigurationIsVisible = 0;
			defaultConfigurationName = Release;
		};
/* End XCConfigurationList section */
	};
	rootObject = 07383D5824C0C00600717B54 /* Project object */;
}
